// !$*UTF8*$!
{
	archiveVersion = 1;
	classes = {
	};
	objectVersion = 46;
	objects = {

/* Begin PBXBuildFile section */
		458CF90914E0BAC100BB9316 /* UIKit.framework in Frameworks */ = {isa = PBXBuildFile; fileRef = 458CF90814E0BAC100BB9316 /* UIKit.framework */; };
		458CF90B14E0BAC100BB9316 /* Foundation.framework in Frameworks */ = {isa = PBXBuildFile; fileRef = 458CF90A14E0BAC100BB9316 /* Foundation.framework */; };
		458CF90D14E0BAC100BB9316 /* CoreGraphics.framework in Frameworks */ = {isa = PBXBuildFile; fileRef = 458CF90C14E0BAC100BB9316 /* CoreGraphics.framework */; };
		458CF91314E0BAC100BB9316 /* InfoPlist.strings in Resources */ = {isa = PBXBuildFile; fileRef = 458CF91114E0BAC100BB9316 /* InfoPlist.strings */; };
		458CF91514E0BAC100BB9316 /* main.m in Sources */ = {isa = PBXBuildFile; fileRef = 458CF91414E0BAC100BB9316 /* main.m */; };
		458CF91914E0BAC100BB9316 /* CalculatorAppDelegate.m in Sources */ = {isa = PBXBuildFile; fileRef = 458CF91814E0BAC100BB9316 /* CalculatorAppDelegate.m */; };
		458CF91C14E0BAC100BB9316 /* MainStoryboard.storyboard in Resources */ = {isa = PBXBuildFile; fileRef = 458CF91A14E0BAC100BB9316 /* MainStoryboard.storyboard */; };
		458CF91F14E0BAC100BB9316 /* CalculatorViewController.m in Sources */ = {isa = PBXBuildFile; fileRef = 458CF91E14E0BAC100BB9316 /* CalculatorViewController.m */; };
		458CF92714E0C75800BB9316 /* CalculatorBrain.m in Sources */ = {isa = PBXBuildFile; fileRef = 458CF92614E0C75800BB9316 /* CalculatorBrain.m */; };
/* End PBXBuildFile section */

/* Begin PBXFileReference section */
		458CF90414E0BAC100BB9316 /* Calculator.app */ = {isa = PBXFileReference; explicitFileType = wrapper.application; includeInIndex = 0; path = Calculator.app; sourceTree = BUILT_PRODUCTS_DIR; };
		458CF90814E0BAC100BB9316 /* UIKit.framework */ = {isa = PBXFileReference; lastKnownFileType = wrapper.framework; name = UIKit.framework; path = System/Library/Frameworks/UIKit.framework; sourceTree = SDKROOT; };
		458CF90A14E0BAC100BB9316 /* Foundation.framework */ = {isa = PBXFileReference; lastKnownFileType = wrapper.framework; name = Foundation.framework; path = System/Library/Frameworks/Foundation.framework; sourceTree = SDKROOT; };
		458CF90C14E0BAC100BB9316 /* CoreGraphics.framework */ = {isa = PBXFileReference; lastKnownFileType = wrapper.framework; name = CoreGraphics.framework; path = System/Library/Frameworks/CoreGraphics.framework; sourceTree = SDKROOT; };
		458CF91014E0BAC100BB9316 /* Calculator-Info.plist */ = {isa = PBXFileReference; lastKnownFileType = text.plist.xml; path = "Calculator-Info.plist"; sourceTree = "<group>"; };
		458CF91214E0BAC100BB9316 /* en */ = {isa = PBXFileReference; lastKnownFileType = text.plist.strings; name = en; path = en.lproj/InfoPlist.strings; sourceTree = "<group>"; };
		458CF91414E0BAC100BB9316 /* main.m */ = {isa = PBXFileReference; lastKnownFileType = sourcecode.c.objc; path = main.m; sourceTree = "<group>"; };
		458CF91614E0BAC100BB9316 /* Calculator-Prefix.pch */ = {isa = PBXFileReference; lastKnownFileType = sourcecode.c.h; path = "Calculator-Prefix.pch"; sourceTree = "<group>"; };
		458CF91714E0BAC100BB9316 /* CalculatorAppDelegate.h */ = {isa = PBXFileReference; lastKnownFileType = sourcecode.c.h; path = CalculatorAppDelegate.h; sourceTree = "<group>"; };
		458CF91814E0BAC100BB9316 /* CalculatorAppDelegate.m */ = {isa = PBXFileReference; lastKnownFileType = sourcecode.c.objc; path = CalculatorAppDelegate.m; sourceTree = "<group>"; };
		458CF91B14E0BAC100BB9316 /* en */ = {isa = PBXFileReference; lastKnownFileType = file.storyboard; name = en; path = en.lproj/MainStoryboard.storyboard; sourceTree = "<group>"; };
		458CF91D14E0BAC100BB9316 /* CalculatorViewController.h */ = {isa = PBXFileReference; lastKnownFileType = sourcecode.c.h; path = CalculatorViewController.h; sourceTree = "<group>"; };
		458CF91E14E0BAC100BB9316 /* CalculatorViewController.m */ = {isa = PBXFileReference; lastKnownFileType = sourcecode.c.objc; path = CalculatorViewController.m; sourceTree = "<group>"; };
		458CF92514E0C75800BB9316 /* CalculatorBrain.h */ = {isa = PBXFileReference; fileEncoding = 4; lastKnownFileType = sourcecode.c.h; path = CalculatorBrain.h; sourceTree = "<group>"; };
		458CF92614E0C75800BB9316 /* CalculatorBrain.m */ = {isa = PBXFileReference; fileEncoding = 4; lastKnownFileType = sourcecode.c.objc; path = CalculatorBrain.m; sourceTree = "<group>"; };
/* End PBXFileReference section */

/* Begin PBXFrameworksBuildPhase section */
		458CF90114E0BAC100BB9316 /* Frameworks */ = {
			isa = PBXFrameworksBuildPhase;
			buildActionMask = 2147483647;
			files = (
				458CF90914E0BAC100BB9316 /* UIKit.framework in Frameworks */,
				458CF90B14E0BAC100BB9316 /* Foundation.framework in Frameworks */,
				458CF90D14E0BAC100BB9316 /* CoreGraphics.framework in Frameworks */,
			);
			runOnlyForDeploymentPostprocessing = 0;
		};
/* End PBXFrameworksBuildPhase section */

/* Begin PBXGroup section */
		458CF8F914E0BAC100BB9316 = {
			isa = PBXGroup;
			children = (
				458CF90E14E0BAC100BB9316 /* Calculator */,
				458CF90714E0BAC100BB9316 /* Frameworks */,
				458CF90514E0BAC100BB9316 /* Products */,
			);
			sourceTree = "<group>";
		};
		458CF90514E0BAC100BB9316 /* Products */ = {
			isa = PBXGroup;
			children = (
				458CF90414E0BAC100BB9316 /* Calculator.app */,
			);
			name = Products;
			sourceTree = "<group>";
		};
		458CF90714E0BAC100BB9316 /* Frameworks */ = {
			isa = PBXGroup;
			children = (
				458CF90814E0BAC100BB9316 /* UIKit.framework */,
				458CF90A14E0BAC100BB9316 /* Foundation.framework */,
				458CF90C14E0BAC100BB9316 /* CoreGraphics.framework */,
			);
			name = Frameworks;
			sourceTree = "<group>";
		};
		458CF90E14E0BAC100BB9316 /* Calculator */ = {
			isa = PBXGroup;
			children = (
				458CF91714E0BAC100BB9316 /* CalculatorAppDelegate.h */,
				458CF91814E0BAC100BB9316 /* CalculatorAppDelegate.m */,
				458CF91A14E0BAC100BB9316 /* MainStoryboard.storyboard */,
				458CF92514E0C75800BB9316 /* CalculatorBrain.h */,
				458CF92614E0C75800BB9316 /* CalculatorBrain.m */,
				458CF91D14E0BAC100BB9316 /* CalculatorViewController.h */,
				458CF91E14E0BAC100BB9316 /* CalculatorViewController.m */,
				458CF90F14E0BAC100BB9316 /* Supporting Files */,
			);
			path = Calculator;
			sourceTree = "<group>";
		};
		458CF90F14E0BAC100BB9316 /* Supporting Files */ = {
			isa = PBXGroup;
			children = (
				458CF91014E0BAC100BB9316 /* Calculator-Info.plist */,
				458CF91114E0BAC100BB9316 /* InfoPlist.strings */,
				458CF91414E0BAC100BB9316 /* main.m */,
				458CF91614E0BAC100BB9316 /* Calculator-Prefix.pch */,
			);
			name = "Supporting Files";
			sourceTree = "<group>";
		};
/* End PBXGroup section */

/* Begin PBXNativeTarget section */
		458CF90314E0BAC100BB9316 /* Calculator */ = {
			isa = PBXNativeTarget;
			buildConfigurationList = 458CF92214E0BAC100BB9316 /* Build configuration list for PBXNativeTarget "Calculator" */;
			buildPhases = (
				458CF90014E0BAC100BB9316 /* Sources */,
				458CF90114E0BAC100BB9316 /* Frameworks */,
				458CF90214E0BAC100BB9316 /* Resources */,
			);
			buildRules = (
			);
			dependencies = (
			);
			name = Calculator;
			productName = Calculator;
			productReference = 458CF90414E0BAC100BB9316 /* Calculator.app */;
			productType = "com.apple.product-type.application";
		};
/* End PBXNativeTarget section */

/* Begin PBXProject section */
		458CF8FB14E0BAC100BB9316 /* Project object */ = {
			isa = PBXProject;
			attributes = {
				LastUpgradeCheck = 0420;
			};
			buildConfigurationList = 458CF8FE14E0BAC100BB9316 /* Build configuration list for PBXProject "Calculator" */;
			compatibilityVersion = "Xcode 3.2";
			developmentRegion = English;
			hasScannedForEncodings = 0;
			knownRegions = (
				en,
			);
			mainGroup = 458CF8F914E0BAC100BB9316;
			productRefGroup = 458CF90514E0BAC100BB9316 /* Products */;
			projectDirPath = "";
			projectRoot = "";
			targets = (
				458CF90314E0BAC100BB9316 /* Calculator */,
			);
		};
/* End PBXProject section */

/* Begin PBXResourcesBuildPhase section */
		458CF90214E0BAC100BB9316 /* Resources */ = {
			isa = PBXResourcesBuildPhase;
			buildActionMask = 2147483647;
			files = (
				458CF91314E0BAC100BB9316 /* InfoPlist.strings in Resources */,
				458CF91C14E0BAC100BB9316 /* MainStoryboard.storyboard in Resources */,
			);
			runOnlyForDeploymentPostprocessing = 0;
		};
/* End PBXResourcesBuildPhase section */

/* Begin PBXSourcesBuildPhase section */
		458CF90014E0BAC100BB9316 /* Sources */ = {
			isa = PBXSourcesBuildPhase;
			buildActionMask = 2147483647;
			files = (
				458CF91514E0BAC100BB9316 /* main.m in Sources */,
				458CF91914E0BAC100BB9316 /* CalculatorAppDelegate.m in Sources */,
				458CF91F14E0BAC100BB9316 /* CalculatorViewController.m in Sources */,
				458CF92714E0C75800BB9316 /* CalculatorBrain.m in Sources */,
			);
			runOnlyForDeploymentPostprocessing = 0;
		};
/* End PBXSourcesBuildPhase section */

/* Begin PBXVariantGroup section */
		458CF91114E0BAC100BB9316 /* InfoPlist.strings */ = {
			isa = PBXVariantGroup;
			children = (
				458CF91214E0BAC100BB9316 /* en */,
			);
			name = InfoPlist.strings;
			sourceTree = "<group>";
		};
		458CF91A14E0BAC100BB9316 /* MainStoryboard.storyboard */ = {
			isa = PBXVariantGroup;
			children = (
				458CF91B14E0BAC100BB9316 /* en */,
			);
			name = MainStoryboard.storyboard;
			sourceTree = "<group>";
		};
/* End PBXVariantGroup section */

/* Begin XCBuildConfiguration section */
		458CF92014E0BAC100BB9316 /* Debug */ = {
			isa = XCBuildConfiguration;
			buildSettings = {
				ALWAYS_SEARCH_USER_PATHS = NO;
				ARCHS = "$(ARCHS_STANDARD_32_BIT)";
				CLANG_ENABLE_OBJC_ARC = YES;
				"CODE_SIGN_IDENTITY[sdk=iphoneos*]" = "iPhone Developer";
				COPY_PHASE_STRIP = NO;
				GCC_C_LANGUAGE_STANDARD = gnu99;
				GCC_DYNAMIC_NO_PIC = NO;
				GCC_OPTIMIZATION_LEVEL = 0;
				GCC_PREPROCESSOR_DEFINITIONS = (
					"DEBUG=1",
					"$(inherited)",
				);
				GCC_SYMBOLS_PRIVATE_EXTERN = NO;
				GCC_VERSION = com.apple.compilers.llvm.clang.1_0;
				GCC_WARN_ABOUT_MISSING_PROTOTYPES = YES;
				GCC_WARN_ABOUT_RETURN_TYPE = YES;
				GCC_WARN_UNUSED_VARIABLE = YES;
				IPHONEOS_DEPLOYMENT_TARGET = 5.0;
				SDKROOT = iphoneos;
			};
			name = Debug;
		};
		458CF92114E0BAC100BB9316 /* Release */ = {
			isa = XCBuildConfiguration;
			buildSettings = {
				ALWAYS_SEARCH_USER_PATHS = NO;
				ARCHS = "$(ARCHS_STANDARD_32_BIT)";
				CLANG_ENABLE_OBJC_ARC = YES;
				"CODE_SIGN_IDENTITY[sdk=iphoneos*]" = "iPhone Developer";
				COPY_PHASE_STRIP = YES;
				GCC_C_LANGUAGE_STANDARD = gnu99;
				GCC_VERSION = com.apple.compilers.llvm.clang.1_0;
				GCC_WARN_ABOUT_MISSING_PROTOTYPES = YES;
				GCC_WARN_ABOUT_RETURN_TYPE = YES;
				GCC_WARN_UNUSED_VARIABLE = YES;
				IPHONEOS_DEPLOYMENT_TARGET = 5.0;
				OTHER_CFLAGS = "-DNS_BLOCK_ASSERTIONS=1";
				SDKROOT = iphoneos;
				VALIDATE_PRODUCT = YES;
			};
			name = Release;
		};
		458CF92314E0BAC100BB9316 /* Debug */ = {
			isa = XCBuildConfiguration;
			buildSettings = {
				GCC_PRECOMPILE_PREFIX_HEADER = YES;
				GCC_PREFIX_HEADER = "Calculator/Calculator-Prefix.pch";
				INFOPLIST_FILE = "Calculator/Calculator-Info.plist";
				PRODUCT_NAME = "$(TARGET_NAME)";
				WRAPPER_EXTENSION = app;
			};
			name = Debug;
		};
		458CF92414E0BAC100BB9316 /* Release */ = {
			isa = XCBuildConfiguration;
			buildSettings = {
				GCC_PRECOMPILE_PREFIX_HEADER = YES;
				GCC_PREFIX_HEADER = "Calculator/Calculator-Prefix.pch";
				INFOPLIST_FILE = "Calculator/Calculator-Info.plist";
				PRODUCT_NAME = "$(TARGET_NAME)";
				WRAPPER_EXTENSION = app;
			};
			name = Release;
		};
/* End XCBuildConfiguration section */

/* Begin XCConfigurationList section */
		458CF8FE14E0BAC100BB9316 /* Build configuration list for PBXProject "Calculator" */ = {
			isa = XCConfigurationList;
			buildConfigurations = (
				458CF92014E0BAC100BB9316 /* Debug */,
				458CF92114E0BAC100BB9316 /* Release */,
			);
			defaultConfigurationIsVisible = 0;
			defaultConfigurationName = Release;
		};
		458CF92214E0BAC100BB9316 /* Build configuration list for PBXNativeTarget "Calculator" */ = {
			isa = XCConfigurationList;
			buildConfigurations = (
				458CF92314E0BAC100BB9316 /* Debug */,
				458CF92414E0BAC100BB9316 /* Release */,
			);
			defaultConfigurationIsVisible = 0;
		};
/* End XCConfigurationList section */
	};
	rootObject = 458CF8FB14E0BAC100BB9316 /* Project object */;
}
